
Microsoft Visual Studio Solution File, Format Version 12.00
# Visual Studio 15
VisualStudioVersion = 15.0.28307.421
MinimumVisualStudioVersion = 10.0.40219.1
Project("{FAE04EC0-301F-11D3-BF4B-00C04F79EFBC}") = "Practice", "Practice\Practice.csproj", "{9646E62B-2A0A-42B6-8119-8BDC84AF108F}"
EndProject
Project("{FAE04EC0-301F-11D3-BF4B-00C04F79EFBC}") = "AsyncAwait", "AsyncAwait\AsyncAwait.csproj", "{72CB7098-0ADB-48A0-A9D2-DEBF0C9366CB}"
EndProject
Global
	GlobalSection(SolutionConfigurationPlatforms) = preSolution
		Debug|Any CPU = Debug|Any CPU
		Release|Any CPU = Release|Any CPU
	EndGlobalSection
	GlobalSection(ProjectConfigurationPlatforms) = postSolution
		{9646E62B-2A0A-42B6-8119-8BDC84AF108F}.Debug|Any CPU.ActiveCfg = Debug|Any CPU
		{9646E62B-2A0A-42B6-8119-8BDC84AF108F}.Debug|Any CPU.Build.0 = Debug|Any CPU
		{9646E62B-2A0A-42B6-8119-8BDC84AF108F}.Release|Any CPU.ActiveCfg = Release|Any CPU
		{9646E62B-2A0A-42B6-8119-8BDC84AF108F}.Release|Any CPU.Build.0 = Release|Any CPU
		{72CB7098-0ADB-48A0-A9D2-DEBF0C9366CB}.Debug|Any CPU.ActiveCfg = Debug|Any CPU
		{72CB7098-0ADB-48A0-A9D2-DEBF0C9366CB}.Debug|Any CPU.Build.0 = Debug|Any CPU
		{72CB7098-0ADB-48A0-A9D2-DEBF0C9366CB}.Release|Any CPU.ActiveCfg = Release|Any CPU
		{72CB7098-0ADB-48A0-A9D2-DEBF0C9366CB}.Release|Any CPU.Build.0 = Release|Any CPU
	EndGlobalSection
	GlobalSection(SolutionProperties) = preSolution
		HideSolutionNode = FALSE
	EndGlobalSection
	GlobalSection(ExtensibilityGlobals) = postSolution
		SolutionGuid = {E9765DCE-62CC-4E9B-9C01-6BBA6638FFDA}
	EndGlobalSection
EndGlobal
